
Microsoft Visual Studio Solution File, Format Version 12.00
# Visual Studio Version 17
VisualStudioVersion = 17.10.35122.118
MinimumVisualStudioVersion = 10.0.40219.1
Project("{9A19103F-16F7-4668-BE54-9A1E7A4F7556}") = "Dados", "Dados\Dados.csproj", "{A07E5539-996A-4E2B-B2B0-0E6034D5D69C}"
EndProject
Project("{FAE04EC0-301F-11D3-BF4B-00C04F79EFBC}") = "Domain", "Domain\Domain.csproj", "{C0EDE09C-57CA-4F94-A84D-18ADD186ADF8}"
EndProject
Global
	GlobalSection(SolutionConfigurationPlatforms) = preSolution
		Debug|Any CPU = Debug|Any CPU
		Release|Any CPU = Release|Any CPU
	EndGlobalSection
	GlobalSection(ProjectConfigurationPlatforms) = postSolution
		{A07E5539-996A-4E2B-B2B0-0E6034D5D69C}.Debug|Any CPU.ActiveCfg = Debug|Any CPU
		{A07E5539-996A-4E2B-B2B0-0E6034D5D69C}.Debug|Any CPU.Build.0 = Debug|Any CPU
		{A07E5539-996A-4E2B-B2B0-0E6034D5D69C}.Release|Any CPU.ActiveCfg = Release|Any CPU
		{A07E5539-996A-4E2B-B2B0-0E6034D5D69C}.Release|Any CPU.Build.0 = Release|Any CPU
		{C0EDE09C-57CA-4F94-A84D-18ADD186ADF8}.Debug|Any CPU.ActiveCfg = Debug|Any CPU
		{C0EDE09C-57CA-4F94-A84D-18ADD186ADF8}.Debug|Any CPU.Build.0 = Debug|Any CPU
		{C0EDE09C-57CA-4F94-A84D-18ADD186ADF8}.Release|Any CPU.ActiveCfg = Release|Any CPU
		{C0EDE09C-57CA-4F94-A84D-18ADD186ADF8}.Release|Any CPU.Build.0 = Release|Any CPU
	EndGlobalSection
	GlobalSection(SolutionProperties) = preSolution
		HideSolutionNode = FALSE
	EndGlobalSection
	GlobalSection(ExtensibilityGlobals) = postSolution
		SolutionGuid = {6B1FF024-3104-4031-8AB5-75011689A68B}
	EndGlobalSection
EndGlobal
